
Microsoft Visual Studio Solution File, Format Version 12.00
# Visual Studio Version 16
VisualStudioVersion = 16.0.32002.261
MinimumVisualStudioVersion = 10.0.40219.1
Project("{FAE04EC0-301F-11D3-BF4B-00C04F79EFBC}") = "TecShop", "TecShop\TecShop.csproj", "{0451E4FE-E57E-4E88-A9D8-7851C5D77B0D}"
EndProject
Global
	GlobalSection(SolutionConfigurationPlatforms) = preSolution
		Debug|Any CPU = Debug|Any CPU
		Release|Any CPU = Release|Any CPU
	EndGlobalSection
	GlobalSection(ProjectConfigurationPlatforms) = postSolution
		{0451E4FE-E57E-4E88-A9D8-7851C5D77B0D}.Debug|Any CPU.ActiveCfg = Debug|Any CPU
		{0451E4FE-E57E-4E88-A9D8-7851C5D77B0D}.Debug|Any CPU.Build.0 = Debug|Any CPU
		{0451E4FE-E57E-4E88-A9D8-7851C5D77B0D}.Release|Any CPU.ActiveCfg = Release|Any CPU
		{0451E4FE-E57E-4E88-A9D8-7851C5D77B0D}.Release|Any CPU.Build.0 = Release|Any CPU
	EndGlobalSection
	GlobalSection(SolutionProperties) = preSolution
		HideSolutionNode = FALSE
	EndGlobalSection
	GlobalSection(ExtensibilityGlobals) = postSolution
		SolutionGuid = {B53B08E7-96DB-4BE9-A010-9D10D3C8B4A4}
	EndGlobalSection
EndGlobal
